
Microsoft Visual Studio Solution File, Format Version 12.00
# Visual Studio Version 17
VisualStudioVersion = 17.14.36310.24
MinimumVisualStudioVersion = 10.0.40219.1
Project("{FAE04EC0-301F-11D3-BF4B-00C04F79EFBC}") = "MyTestApp", "MyTestApp.csproj", "{702B98C5-6B61-4880-A590-CB7CAB175774}"
EndProject
Global
	GlobalSection(SolutionConfigurationPlatforms) = preSolution
		Debug|Any CPU = Debug|Any CPU
		Release|Any CPU = Release|Any CPU
	EndGlobalSection
	GlobalSection(ProjectConfigurationPlatforms) = postSolution
		{702B98C5-6B61-4880-A590-CB7CAB175774}.Debug|Any CPU.ActiveCfg = Debug|Any CPU
		{702B98C5-6B61-4880-A590-CB7CAB175774}.Debug|Any CPU.Build.0 = Debug|Any CPU
		{702B98C5-6B61-4880-A590-CB7CAB175774}.Release|Any CPU.ActiveCfg = Release|Any CPU
		{702B98C5-6B61-4880-A590-CB7CAB175774}.Release|Any CPU.Build.0 = Release|Any CPU
	EndGlobalSection
	GlobalSection(SolutionProperties) = preSolution
		HideSolutionNode = FALSE
	EndGlobalSection
	GlobalSection(ExtensibilityGlobals) = postSolution
		SolutionGuid = {87BD3860-F1AF-4294-B3BC-C18DCB18D9FC}
	EndGlobalSection
EndGlobal
